
Microsoft Visual Studio Solution File, Format Version 12.00
# Visual Studio Version 16
VisualStudioVersion = 16.0.30320.27
MinimumVisualStudioVersion = 10.0.40219.1
Project("{FAE04EC0-301F-11D3-BF4B-00C04F79EFBC}") = "MyFlight", "MyFlight\MyFlight.csproj", "{8AF0A270-A2E4-4F53-929F-2DD0F5B41994}"
EndProject
Global
	GlobalSection(SolutionConfigurationPlatforms) = preSolution
		Debug|Any CPU = Debug|Any CPU
		Release|Any CPU = Release|Any CPU
	EndGlobalSection
	GlobalSection(ProjectConfigurationPlatforms) = postSolution
		{8AF0A270-A2E4-4F53-929F-2DD0F5B41994}.Debug|Any CPU.ActiveCfg = Debug|Any CPU
		{8AF0A270-A2E4-4F53-929F-2DD0F5B41994}.Debug|Any CPU.Build.0 = Debug|Any CPU
		{8AF0A270-A2E4-4F53-929F-2DD0F5B41994}.Release|Any CPU.ActiveCfg = Release|Any CPU
		{8AF0A270-A2E4-4F53-929F-2DD0F5B41994}.Release|Any CPU.Build.0 = Release|Any CPU
	EndGlobalSection
	GlobalSection(SolutionProperties) = preSolution
		HideSolutionNode = FALSE
	EndGlobalSection
	GlobalSection(ExtensibilityGlobals) = postSolution
		SolutionGuid = {86C4F6FF-5187-44C0-AD63-C3D4F41FA1FD}
	EndGlobalSection
EndGlobal
